
Microsoft Visual Studio Solution File, Format Version 12.00
# Visual Studio Version 17
VisualStudioVersion = 17.9.34616.47
MinimumVisualStudioVersion = 10.0.40219.1
Project("{9A19103F-16F7-4668-BE54-9A1E7A4F7556}") = "Workaround", "Workaround\Workaround.csproj", "{556A2EBF-5E51-43C4-BC81-2B7569553327}"
EndProject
Project("{FAE04EC0-301F-11D3-BF4B-00C04F79EFBC}") = "Entities", "Entities\Entities.csproj", "{146D7B2F-41B4-40AD-82EA-576F73732991}"
EndProject
Project("{FAE04EC0-301F-11D3-BF4B-00C04F79EFBC}") = "Business", "Business\Business.csproj", "{99011D5B-B3F7-47D3-9802-95177605D67E}"
EndProject
Global
	GlobalSection(SolutionConfigurationPlatforms) = preSolution
		Debug|Any CPU = Debug|Any CPU
		Release|Any CPU = Release|Any CPU
	EndGlobalSection
	GlobalSection(ProjectConfigurationPlatforms) = postSolution
		{556A2EBF-5E51-43C4-BC81-2B7569553327}.Debug|Any CPU.ActiveCfg = Debug|Any CPU
		{556A2EBF-5E51-43C4-BC81-2B7569553327}.Debug|Any CPU.Build.0 = Debug|Any CPU
		{556A2EBF-5E51-43C4-BC81-2B7569553327}.Release|Any CPU.ActiveCfg = Release|Any CPU
		{556A2EBF-5E51-43C4-BC81-2B7569553327}.Release|Any CPU.Build.0 = Release|Any CPU
		{146D7B2F-41B4-40AD-82EA-576F73732991}.Debug|Any CPU.ActiveCfg = Debug|Any CPU
		{146D7B2F-41B4-40AD-82EA-576F73732991}.Debug|Any CPU.Build.0 = Debug|Any CPU
		{146D7B2F-41B4-40AD-82EA-576F73732991}.Release|Any CPU.ActiveCfg = Release|Any CPU
		{146D7B2F-41B4-40AD-82EA-576F73732991}.Release|Any CPU.Build.0 = Release|Any CPU
		{99011D5B-B3F7-47D3-9802-95177605D67E}.Debug|Any CPU.ActiveCfg = Debug|Any CPU
		{99011D5B-B3F7-47D3-9802-95177605D67E}.Debug|Any CPU.Build.0 = Debug|Any CPU
		{99011D5B-B3F7-47D3-9802-95177605D67E}.Release|Any CPU.ActiveCfg = Release|Any CPU
		{99011D5B-B3F7-47D3-9802-95177605D67E}.Release|Any CPU.Build.0 = Release|Any CPU
	EndGlobalSection
	GlobalSection(SolutionProperties) = preSolution
		HideSolutionNode = FALSE
	EndGlobalSection
	GlobalSection(ExtensibilityGlobals) = postSolution
		SolutionGuid = {12597460-39DB-438A-B046-722D121618D0}
	EndGlobalSection
EndGlobal
